
Microsoft Visual Studio Solution File, Format Version 11.00
# Visual Studio 2010
Project("{FAE04EC0-301F-11D3-BF4B-00C04F79EFBC}") = "Server", "Server\Server.csproj", "{D99F904D-E984-4923-9614-AA40542BFB71}"
EndProject
Project("{FAE04EC0-301F-11D3-BF4B-00C04F79EFBC}") = "InterfaceDefn", "InterfaceDefn\InterfaceDefn.csproj", "{BDA03444-62F0-4A25-B6E5-275D405703B9}"
EndProject
Project("{FAE04EC0-301F-11D3-BF4B-00C04F79EFBC}") = "Client", "Client\Client.csproj", "{72E473A5-BBAA-4E51-A026-CD4AE4497862}"
EndProject
Global
	GlobalSection(SolutionConfigurationPlatforms) = preSolution
		Debug|Any CPU = Debug|Any CPU
		Release|Any CPU = Release|Any CPU
	EndGlobalSection
	GlobalSection(ProjectConfigurationPlatforms) = postSolution
		{D99F904D-E984-4923-9614-AA40542BFB71}.Debug|Any CPU.ActiveCfg = Debug|Any CPU
		{D99F904D-E984-4923-9614-AA40542BFB71}.Debug|Any CPU.Build.0 = Debug|Any CPU
		{D99F904D-E984-4923-9614-AA40542BFB71}.Release|Any CPU.ActiveCfg = Release|Any CPU
		{D99F904D-E984-4923-9614-AA40542BFB71}.Release|Any CPU.Build.0 = Release|Any CPU
		{BDA03444-62F0-4A25-B6E5-275D405703B9}.Debug|Any CPU.ActiveCfg = Debug|Any CPU
		{BDA03444-62F0-4A25-B6E5-275D405703B9}.Debug|Any CPU.Build.0 = Debug|Any CPU
		{BDA03444-62F0-4A25-B6E5-275D405703B9}.Release|Any CPU.ActiveCfg = Release|Any CPU
		{BDA03444-62F0-4A25-B6E5-275D405703B9}.Release|Any CPU.Build.0 = Release|Any CPU
		{72E473A5-BBAA-4E51-A026-CD4AE4497862}.Debug|Any CPU.ActiveCfg = Debug|Any CPU
		{72E473A5-BBAA-4E51-A026-CD4AE4497862}.Debug|Any CPU.Build.0 = Debug|Any CPU
		{72E473A5-BBAA-4E51-A026-CD4AE4497862}.Release|Any CPU.ActiveCfg = Release|Any CPU
		{72E473A5-BBAA-4E51-A026-CD4AE4497862}.Release|Any CPU.Build.0 = Release|Any CPU
	EndGlobalSection
	GlobalSection(SolutionProperties) = preSolution
		HideSolutionNode = FALSE
	EndGlobalSection
EndGlobal
